{
  "requires": true,
  "lockfileVersion": 1,
  "dependencies": {
    "klona": {
      "version": "2.0.4",
      "resolved": "https://registry.npm.taobao.org/klona/download/klona-2.0.4.tgz",
      "integrity": "sha1-e7Hjr/sMuGJFR+9+j2cI6i4538A=",
      "dev": true
    },
    "less-loader": {
      "version": "10.0.1",
      "resolved": "https://registry.nlark.com/less-loader/download/less-loader-10.0.1.tgz?cache=0&sync_timestamp=1625230455763&other_urls=https%3A%2F%2Fregistry.nlark.com%2Fless-loader%2Fdownload%2Fless-loader-10.0.1.tgz",
      "integrity": "sha1-wFqrpo0AQAggJ18hwq2Hy5+pkj8=",
      "dev": true,
      "requires": {
        "klona": "^2.0.4"
      }
    }
  }
}
